
Microsoft Visual Studio Solution File, Format Version 12.00
# Visual Studio Version 17
VisualStudioVersion = 17.9.34607.119
MinimumVisualStudioVersion = 10.0.40219.1
Project("{FAE04EC0-301F-11D3-BF4B-00C04F79EFBC}") = "ContractMonthlyClaimSystem", "ContractMonthlyClaimSystem.csproj", "{28317CE4-8285-4898-B0BF-9820D0160941}"
EndProject
Global
	GlobalSection(SolutionConfigurationPlatforms) = preSolution
		Debug|Any CPU = Debug|Any CPU
		Release|Any CPU = Release|Any CPU
	EndGlobalSection
	GlobalSection(ProjectConfigurationPlatforms) = postSolution
		{28317CE4-8285-4898-B0BF-9820D0160941}.Debug|Any CPU.ActiveCfg = Debug|Any CPU
		{28317CE4-8285-4898-B0BF-9820D0160941}.Debug|Any CPU.Build.0 = Debug|Any CPU
		{28317CE4-8285-4898-B0BF-9820D0160941}.Release|Any CPU.ActiveCfg = Release|Any CPU
		{28317CE4-8285-4898-B0BF-9820D0160941}.Release|Any CPU.Build.0 = Release|Any CPU
	EndGlobalSection
	GlobalSection(SolutionProperties) = preSolution
		HideSolutionNode = FALSE
	EndGlobalSection
	GlobalSection(ExtensibilityGlobals) = postSolution
		SolutionGuid = {301FE891-2676-41AD-AB28-FF0824DFEA81}
	EndGlobalSection
EndGlobal
